// !$*UTF8*$!
{
	archiveVersion = 1;
	classes = {
	};
	objectVersion = 56;
	objects = {

/* Begin PBXBuildFile section */
		238D4B30299953C2007FF0D7 /* MealsApp.swift in Sources */ = {isa = PBXBuildFile; fileRef = 238D4B2F299953C2007FF0D7 /* MealsApp.swift */; };
		238D4B32299953C2007FF0D7 /* MealsTabView.swift in Sources */ = {isa = PBXBuildFile; fileRef = 238D4B31299953C2007FF0D7 /* MealsTabView.swift */; };
		238D4B34299953C3007FF0D7 /* Assets.xcassets in Resources */ = {isa = PBXBuildFile; fileRef = 238D4B33299953C3007FF0D7 /* Assets.xcassets */; };
		238D4B37299953C3007FF0D7 /* Preview Assets.xcassets in Resources */ = {isa = PBXBuildFile; fileRef = 238D4B36299953C3007FF0D7 /* Preview Assets.xcassets */; };
		238D4B3F29996EAD007FF0D7 /* MealsListScreen.swift in Sources */ = {isa = PBXBuildFile; fileRef = 238D4B3E29996EAD007FF0D7 /* MealsListScreen.swift */; };
		238D4B4129996EC1007FF0D7 /* OrdersListScreen.swift in Sources */ = {isa = PBXBuildFile; fileRef = 238D4B4029996EC1007FF0D7 /* OrdersListScreen.swift */; };
		238D4B4329996ECD007FF0D7 /* AccountScreen.swift in Sources */ = {isa = PBXBuildFile; fileRef = 238D4B4229996ECD007FF0D7 /* AccountScreen.swift */; };
		238D4B4929998356007FF0D7 /* Meals.swift in Sources */ = {isa = PBXBuildFile; fileRef = 238D4B4829998356007FF0D7 /* Meals.swift */; };
		23D6E88D29FBDC7D00FEDC13 /* VoidCallback.swift in Sources */ = {isa = PBXBuildFile; fileRef = 23D6E88C29FBDC7D00FEDC13 /* VoidCallback.swift */; };
		23E5F27B29F416E70022293E /* MealsItemView.swift in Sources */ = {isa = PBXBuildFile; fileRef = 23E5F27A29F416E70022293E /* MealsItemView.swift */; };
		23E5F27E29F41C270022293E /* NetworkManager.swift in Sources */ = {isa = PBXBuildFile; fileRef = 23E5F27D29F41C270022293E /* NetworkManager.swift */; };
		23E5F28029F420DD0022293E /* NetworkError.swift in Sources */ = {isa = PBXBuildFile; fileRef = 23E5F27F29F420DD0022293E /* NetworkError.swift */; };
		23E5F28229F42F270022293E /* MealsListModel.swift in Sources */ = {isa = PBXBuildFile; fileRef = 23E5F28129F42F270022293E /* MealsListModel.swift */; };
		23E5F28629F432AB0022293E /* AlertItem.swift in Sources */ = {isa = PBXBuildFile; fileRef = 23E5F28529F432AB0022293E /* AlertItem.swift */; };
		23E5F28829F459E50022293E /* AlertButton.swift in Sources */ = {isa = PBXBuildFile; fileRef = 23E5F28729F459E50022293E /* AlertButton.swift */; };
		23E5F28B29F548B60022293E /* Color+Extensions.swift in Sources */ = {isa = PBXBuildFile; fileRef = 23E5F28A29F548B60022293E /* Color+Extensions.swift */; };
		23E5F29029F987DE0022293E /* NetworkImage.swift in Sources */ = {isa = PBXBuildFile; fileRef = 23E5F28F29F987DE0022293E /* NetworkImage.swift */; };
		23E5F29229F988820022293E /* NetworkImageLoader.swift in Sources */ = {isa = PBXBuildFile; fileRef = 23E5F29129F988820022293E /* NetworkImageLoader.swift */; };
		23E5F29629F9DA500022293E /* MealDetails.swift in Sources */ = {isa = PBXBuildFile; fileRef = 23E5F29529F9DA500022293E /* MealDetails.swift */; };
		23E5F29829F9DE040022293E /* CGFloat+Extensions.swift in Sources */ = {isa = PBXBuildFile; fileRef = 23E5F29729F9DE040022293E /* CGFloat+Extensions.swift */; };
		23E5F29A29F9E6260022293E /* View+Extensions.swift in Sources */ = {isa = PBXBuildFile; fileRef = 23E5F29929F9E6260022293E /* View+Extensions.swift */; };
		23E5F29C29F9EC330022293E /* MealInfoView.swift in Sources */ = {isa = PBXBuildFile; fileRef = 23E5F29B29F9EC330022293E /* MealInfoView.swift */; };
		23E5F29F29F9F3530022293E /* CloseButton.swift in Sources */ = {isa = PBXBuildFile; fileRef = 23E5F29E29F9F3530022293E /* CloseButton.swift */; };
		23E5F2A129F9F4180022293E /* FloatingCard.swift in Sources */ = {isa = PBXBuildFile; fileRef = 23E5F2A029F9F4180022293E /* FloatingCard.swift */; };
/* End PBXBuildFile section */

/* Begin PBXFileReference section */
		238D4B2C299953C2007FF0D7 /* MealsApp.app */ = {isa = PBXFileReference; explicitFileType = wrapper.application; includeInIndex = 0; path = MealsApp.app; sourceTree = BUILT_PRODUCTS_DIR; };
		238D4B2F299953C2007FF0D7 /* MealsApp.swift */ = {isa = PBXFileReference; lastKnownFileType = sourcecode.swift; path = MealsApp.swift; sourceTree = "<group>"; };
		238D4B31299953C2007FF0D7 /* MealsTabView.swift */ = {isa = PBXFileReference; lastKnownFileType = sourcecode.swift; path = MealsTabView.swift; sourceTree = "<group>"; };
		238D4B33299953C3007FF0D7 /* Assets.xcassets */ = {isa = PBXFileReference; lastKnownFileType = folder.assetcatalog; path = Assets.xcassets; sourceTree = "<group>"; };
		238D4B36299953C3007FF0D7 /* Preview Assets.xcassets */ = {isa = PBXFileReference; lastKnownFileType = folder.assetcatalog; path = "Preview Assets.xcassets"; sourceTree = "<group>"; };
		238D4B3E29996EAD007FF0D7 /* MealsListScreen.swift */ = {isa = PBXFileReference; lastKnownFileType = sourcecode.swift; path = MealsListScreen.swift; sourceTree = "<group>"; };
		238D4B4029996EC1007FF0D7 /* OrdersListScreen.swift */ = {isa = PBXFileReference; lastKnownFileType = sourcecode.swift; path = OrdersListScreen.swift; sourceTree = "<group>"; };
		238D4B4229996ECD007FF0D7 /* AccountScreen.swift */ = {isa = PBXFileReference; lastKnownFileType = sourcecode.swift; path = AccountScreen.swift; sourceTree = "<group>"; };
		238D4B4829998356007FF0D7 /* Meals.swift */ = {isa = PBXFileReference; lastKnownFileType = sourcecode.swift; path = Meals.swift; sourceTree = "<group>"; };
		23D6E88C29FBDC7D00FEDC13 /* VoidCallback.swift */ = {isa = PBXFileReference; lastKnownFileType = sourcecode.swift; path = VoidCallback.swift; sourceTree = "<group>"; };
		23E5F27A29F416E70022293E /* MealsItemView.swift */ = {isa = PBXFileReference; lastKnownFileType = sourcecode.swift; path = MealsItemView.swift; sourceTree = "<group>"; };
		23E5F27D29F41C270022293E /* NetworkManager.swift */ = {isa = PBXFileReference; lastKnownFileType = sourcecode.swift; path = NetworkManager.swift; sourceTree = "<group>"; };
		23E5F27F29F420DD0022293E /* NetworkError.swift */ = {isa = PBXFileReference; lastKnownFileType = sourcecode.swift; path = NetworkError.swift; sourceTree = "<group>"; };
		23E5F28129F42F270022293E /* MealsListModel.swift */ = {isa = PBXFileReference; lastKnownFileType = sourcecode.swift; path = MealsListModel.swift; sourceTree = "<group>"; };
		23E5F28529F432AB0022293E /* AlertItem.swift */ = {isa = PBXFileReference; lastKnownFileType = sourcecode.swift; path = AlertItem.swift; sourceTree = "<group>"; };
		23E5F28729F459E50022293E /* AlertButton.swift */ = {isa = PBXFileReference; lastKnownFileType = sourcecode.swift; path = AlertButton.swift; sourceTree = "<group>"; };
		23E5F28A29F548B60022293E /* Color+Extensions.swift */ = {isa = PBXFileReference; lastKnownFileType = sourcecode.swift; path = "Color+Extensions.swift"; sourceTree = "<group>"; };
		23E5F28F29F987DE0022293E /* NetworkImage.swift */ = {isa = PBXFileReference; lastKnownFileType = sourcecode.swift; path = NetworkImage.swift; sourceTree = "<group>"; };
		23E5F29129F988820022293E /* NetworkImageLoader.swift */ = {isa = PBXFileReference; lastKnownFileType = sourcecode.swift; path = NetworkImageLoader.swift; sourceTree = "<group>"; };
		23E5F29529F9DA500022293E /* MealDetails.swift */ = {isa = PBXFileReference; lastKnownFileType = sourcecode.swift; path = MealDetails.swift; sourceTree = "<group>"; };
		23E5F29729F9DE040022293E /* CGFloat+Extensions.swift */ = {isa = PBXFileReference; lastKnownFileType = sourcecode.swift; path = "CGFloat+Extensions.swift"; sourceTree = "<group>"; };
		23E5F29929F9E6260022293E /* View+Extensions.swift */ = {isa = PBXFileReference; lastKnownFileType = sourcecode.swift; path = "View+Extensions.swift"; sourceTree = "<group>"; };
		23E5F29B29F9EC330022293E /* MealInfoView.swift */ = {isa = PBXFileReference; lastKnownFileType = sourcecode.swift; path = MealInfoView.swift; sourceTree = "<group>"; };
		23E5F29E29F9F3530022293E /* CloseButton.swift */ = {isa = PBXFileReference; lastKnownFileType = sourcecode.swift; path = CloseButton.swift; sourceTree = "<group>"; };
		23E5F2A029F9F4180022293E /* FloatingCard.swift */ = {isa = PBXFileReference; lastKnownFileType = sourcecode.swift; path = FloatingCard.swift; sourceTree = "<group>"; };
/* End PBXFileReference section */

/* Begin PBXFrameworksBuildPhase section */
		238D4B29299953C2007FF0D7 /* Frameworks */ = {
			isa = PBXFrameworksBuildPhase;
			buildActionMask = 2147483647;
			files = (
			);
			runOnlyForDeploymentPostprocessing = 0;
		};
/* End PBXFrameworksBuildPhase section */

/* Begin PBXGroup section */
		238D4B23299953C2007FF0D7 = {
			isa = PBXGroup;
			children = (
				238D4B2E299953C2007FF0D7 /* MealsApp */,
				238D4B2D299953C2007FF0D7 /* Products */,
			);
			sourceTree = "<group>";
		};
		238D4B2D299953C2007FF0D7 /* Products */ = {
			isa = PBXGroup;
			children = (
				238D4B2C299953C2007FF0D7 /* MealsApp.app */,
			);
			name = Products;
			sourceTree = "<group>";
		};
		238D4B2E299953C2007FF0D7 /* MealsApp */ = {
			isa = PBXGroup;
			children = (
				238D4B2F299953C2007FF0D7 /* MealsApp.swift */,
				238D4B31299953C2007FF0D7 /* MealsTabView.swift */,
				23E5F28329F432740022293E /* View */,
				23E5F27C29F41C0F0022293E /* Nertwork */,
				238D4B4729998162007FF0D7 /* Model */,
				238D4B33299953C3007FF0D7 /* Assets.xcassets */,
				238D4B35299953C3007FF0D7 /* Preview Content */,
			);
			path = MealsApp;
			sourceTree = "<group>";
		};
		238D4B35299953C3007FF0D7 /* Preview Content */ = {
			isa = PBXGroup;
			children = (
				238D4B36299953C3007FF0D7 /* Preview Assets.xcassets */,
			);
			path = "Preview Content";
			sourceTree = "<group>";
		};
		238D4B4429997AAD007FF0D7 /* Meals */ = {
			isa = PBXGroup;
			children = (
				23E5F29429F9DA3C0022293E /* Details */,
				23E5F29329F9DA2C0022293E /* List */,
			);
			path = Meals;
			sourceTree = "<group>";
		};
		238D4B4529997AB3007FF0D7 /* Account */ = {
			isa = PBXGroup;
			children = (
				238D4B4229996ECD007FF0D7 /* AccountScreen.swift */,
			);
			path = Account;
			sourceTree = "<group>";
		};
		238D4B4629997AD1007FF0D7 /* Orders */ = {
			isa = PBXGroup;
			children = (
				238D4B4029996EC1007FF0D7 /* OrdersListScreen.swift */,
			);
			path = Orders;
			sourceTree = "<group>";
		};
		238D4B4729998162007FF0D7 /* Model */ = {
			isa = PBXGroup;
			children = (
				238D4B4829998356007FF0D7 /* Meals.swift */,
			);
			path = Model;
			sourceTree = "<group>";
		};
		23D6E88A29F9F9F700FEDC13 /* Cards */ = {
			isa = PBXGroup;
			children = (
				23E5F2A029F9F4180022293E /* FloatingCard.swift */,
			);
			path = Cards;
			sourceTree = "<group>";
		};
		23D6E88B29F9FA1B00FEDC13 /* Extensions */ = {
			isa = PBXGroup;
			children = (
				23E5F28A29F548B60022293E /* Color+Extensions.swift */,
				23E5F29929F9E6260022293E /* View+Extensions.swift */,
				23E5F29729F9DE040022293E /* CGFloat+Extensions.swift */,
			);
			path = Extensions;
			sourceTree = "<group>";
		};
		23E5F27C29F41C0F0022293E /* Nertwork */ = {
			isa = PBXGroup;
			children = (
				23E5F27D29F41C270022293E /* NetworkManager.swift */,
				23E5F27F29F420DD0022293E /* NetworkError.swift */,
			);
			path = Nertwork;
			sourceTree = "<group>";
		};
		23E5F28329F432740022293E /* View */ = {
			isa = PBXGroup;
			children = (
				23E5F28429F432960022293E /* Common */,
				238D4B4629997AD1007FF0D7 /* Orders */,
				238D4B4529997AB3007FF0D7 /* Account */,
				238D4B4429997AAD007FF0D7 /* Meals */,
			);
			path = View;
			sourceTree = "<group>";
		};
		23E5F28429F432960022293E /* Common */ = {
			isa = PBXGroup;
			children = (
				23D6E88B29F9FA1B00FEDC13 /* Extensions */,
				23D6E88A29F9F9F700FEDC13 /* Cards */,
				23E5F29D29F9F3460022293E /* Buttons */,
				23E5F28E29F986490022293E /* NetworkImage */,
				23E5F28929F459FD0022293E /* Alert */,
				23D6E88C29FBDC7D00FEDC13 /* VoidCallback.swift */,
			);
			path = Common;
			sourceTree = "<group>";
		};
		23E5F28929F459FD0022293E /* Alert */ = {
			isa = PBXGroup;
			children = (
				23E5F28529F432AB0022293E /* AlertItem.swift */,
				23E5F28729F459E50022293E /* AlertButton.swift */,
			);
			path = Alert;
			sourceTree = "<group>";
		};
		23E5F28E29F986490022293E /* NetworkImage */ = {
			isa = PBXGroup;
			children = (
				23E5F28F29F987DE0022293E /* NetworkImage.swift */,
				23E5F29129F988820022293E /* NetworkImageLoader.swift */,
			);
			path = NetworkImage;
			sourceTree = "<group>";
		};
		23E5F29329F9DA2C0022293E /* List */ = {
			isa = PBXGroup;
			children = (
				238D4B3E29996EAD007FF0D7 /* MealsListScreen.swift */,
				23E5F27A29F416E70022293E /* MealsItemView.swift */,
				23E5F28129F42F270022293E /* MealsListModel.swift */,
			);
			path = List;
			sourceTree = "<group>";
		};
		23E5F29429F9DA3C0022293E /* Details */ = {
			isa = PBXGroup;
			children = (
				23E5F29529F9DA500022293E /* MealDetails.swift */,
				23E5F29B29F9EC330022293E /* MealInfoView.swift */,
			);
			path = Details;
			sourceTree = "<group>";
		};
		23E5F29D29F9F3460022293E /* Buttons */ = {
			isa = PBXGroup;
			children = (
				23E5F29E29F9F3530022293E /* CloseButton.swift */,
			);
			path = Buttons;
			sourceTree = "<group>";
		};
/* End PBXGroup section */

/* Begin PBXNativeTarget section */
		238D4B2B299953C2007FF0D7 /* MealsApp */ = {
			isa = PBXNativeTarget;
			buildConfigurationList = 238D4B3A299953C3007FF0D7 /* Build configuration list for PBXNativeTarget "MealsApp" */;
			buildPhases = (
				238D4B28299953C2007FF0D7 /* Sources */,
				238D4B29299953C2007FF0D7 /* Frameworks */,
				238D4B2A299953C2007FF0D7 /* Resources */,
			);
			buildRules = (
			);
			dependencies = (
			);
			name = MealsApp;
			productName = MealsApp;
			productReference = 238D4B2C299953C2007FF0D7 /* MealsApp.app */;
			productType = "com.apple.product-type.application";
		};
/* End PBXNativeTarget section */

/* Begin PBXProject section */
		238D4B24299953C2007FF0D7 /* Project object */ = {
			isa = PBXProject;
			attributes = {
				BuildIndependentTargetsInParallel = 1;
				LastSwiftUpdateCheck = 1420;
				LastUpgradeCheck = 1420;
				TargetAttributes = {
					238D4B2B299953C2007FF0D7 = {
						CreatedOnToolsVersion = 14.2;
					};
				};
			};
			buildConfigurationList = 238D4B27299953C2007FF0D7 /* Build configuration list for PBXProject "MealsApp" */;
			compatibilityVersion = "Xcode 14.0";
			developmentRegion = en;
			hasScannedForEncodings = 0;
			knownRegions = (
				en,
				Base,
			);
			mainGroup = 238D4B23299953C2007FF0D7;
			productRefGroup = 238D4B2D299953C2007FF0D7 /* Products */;
			projectDirPath = "";
			projectRoot = "";
			targets = (
				238D4B2B299953C2007FF0D7 /* MealsApp */,
			);
		};
/* End PBXProject section */

/* Begin PBXResourcesBuildPhase section */
		238D4B2A299953C2007FF0D7 /* Resources */ = {
			isa = PBXResourcesBuildPhase;
			buildActionMask = 2147483647;
			files = (
				238D4B37299953C3007FF0D7 /* Preview Assets.xcassets in Resources */,
				238D4B34299953C3007FF0D7 /* Assets.xcassets in Resources */,
			);
			runOnlyForDeploymentPostprocessing = 0;
		};
/* End PBXResourcesBuildPhase section */

/* Begin PBXSourcesBuildPhase section */
		238D4B28299953C2007FF0D7 /* Sources */ = {
			isa = PBXSourcesBuildPhase;
			buildActionMask = 2147483647;
			files = (
				23D6E88D29FBDC7D00FEDC13 /* VoidCallback.swift in Sources */,
				23E5F27B29F416E70022293E /* MealsItemView.swift in Sources */,
				23E5F29629F9DA500022293E /* MealDetails.swift in Sources */,
				238D4B4929998356007FF0D7 /* Meals.swift in Sources */,
				238D4B4129996EC1007FF0D7 /* OrdersListScreen.swift in Sources */,
				238D4B32299953C2007FF0D7 /* MealsTabView.swift in Sources */,
				23E5F29229F988820022293E /* NetworkImageLoader.swift in Sources */,
				23E5F29C29F9EC330022293E /* MealInfoView.swift in Sources */,
				23E5F27E29F41C270022293E /* NetworkManager.swift in Sources */,
				238D4B30299953C2007FF0D7 /* MealsApp.swift in Sources */,
				23E5F29029F987DE0022293E /* NetworkImage.swift in Sources */,
				23E5F2A129F9F4180022293E /* FloatingCard.swift in Sources */,
				23E5F29F29F9F3530022293E /* CloseButton.swift in Sources */,
				23E5F28029F420DD0022293E /* NetworkError.swift in Sources */,
				23E5F29A29F9E6260022293E /* View+Extensions.swift in Sources */,
				23E5F28B29F548B60022293E /* Color+Extensions.swift in Sources */,
				238D4B4329996ECD007FF0D7 /* AccountScreen.swift in Sources */,
				23E5F28829F459E50022293E /* AlertButton.swift in Sources */,
				23E5F28629F432AB0022293E /* AlertItem.swift in Sources */,
				23E5F29829F9DE040022293E /* CGFloat+Extensions.swift in Sources */,
				23E5F28229F42F270022293E /* MealsListModel.swift in Sources */,
				238D4B3F29996EAD007FF0D7 /* MealsListScreen.swift in Sources */,
			);
			runOnlyForDeploymentPostprocessing = 0;
		};
/* End PBXSourcesBuildPhase section */

/* Begin XCBuildConfiguration section */
		238D4B38299953C3007FF0D7 /* Debug */ = {
			isa = XCBuildConfiguration;
			buildSettings = {
				ALWAYS_SEARCH_USER_PATHS = NO;
				CLANG_ANALYZER_NONNULL = YES;
				CLANG_ANALYZER_NUMBER_OBJECT_CONVERSION = YES_AGGRESSIVE;
				CLANG_CXX_LANGUAGE_STANDARD = "gnu++20";
				CLANG_ENABLE_MODULES = YES;
				CLANG_ENABLE_OBJC_ARC = YES;
				CLANG_ENABLE_OBJC_WEAK = YES;
				CLANG_WARN_BLOCK_CAPTURE_AUTORELEASING = YES;
				CLANG_WARN_BOOL_CONVERSION = YES;
				CLANG_WARN_COMMA = YES;
				CLANG_WARN_CONSTANT_CONVERSION = YES;
				CLANG_WARN_DEPRECATED_OBJC_IMPLEMENTATIONS = YES;
				CLANG_WARN_DIRECT_OBJC_ISA_USAGE = YES_ERROR;
				CLANG_WARN_DOCUMENTATION_COMMENTS = YES;
				CLANG_WARN_EMPTY_BODY = YES;
				CLANG_WARN_ENUM_CONVERSION = YES;
				CLANG_WARN_INFINITE_RECURSION = YES;
				CLANG_WARN_INT_CONVERSION = YES;
				CLANG_WARN_NON_LITERAL_NULL_CONVERSION = YES;
				CLANG_WARN_OBJC_IMPLICIT_RETAIN_SELF = YES;
				CLANG_WARN_OBJC_LITERAL_CONVERSION = YES;
				CLANG_WARN_OBJC_ROOT_CLASS = YES_ERROR;
				CLANG_WARN_QUOTED_INCLUDE_IN_FRAMEWORK_HEADER = YES;
				CLANG_WARN_RANGE_LOOP_ANALYSIS = YES;
				CLANG_WARN_STRICT_PROTOTYPES = YES;
				CLANG_WARN_SUSPICIOUS_MOVE = YES;
				CLANG_WARN_UNGUARDED_AVAILABILITY = YES_AGGRESSIVE;
				CLANG_WARN_UNREACHABLE_CODE = YES;
				CLANG_WARN__DUPLICATE_METHOD_MATCH = YES;
				COPY_PHASE_STRIP = NO;
				DEBUG_INFORMATION_FORMAT = dwarf;
				ENABLE_STRICT_OBJC_MSGSEND = YES;
				ENABLE_TESTABILITY = YES;
				GCC_C_LANGUAGE_STANDARD = gnu11;
				GCC_DYNAMIC_NO_PIC = NO;
				GCC_NO_COMMON_BLOCKS = YES;
				GCC_OPTIMIZATION_LEVEL = 0;
				GCC_PREPROCESSOR_DEFINITIONS = (
					"DEBUG=1",
					"$(inherited)",
				);
				GCC_WARN_64_TO_32_BIT_CONVERSION = YES;
				GCC_WARN_ABOUT_RETURN_TYPE = YES_ERROR;
				GCC_WARN_UNDECLARED_SELECTOR = YES;
				GCC_WARN_UNINITIALIZED_AUTOS = YES_AGGRESSIVE;
				GCC_WARN_UNUSED_FUNCTION = YES;
				GCC_WARN_UNUSED_VARIABLE = YES;
				IPHONEOS_DEPLOYMENT_TARGET = 16.2;
				MTL_ENABLE_DEBUG_INFO = INCLUDE_SOURCE;
				MTL_FAST_MATH = YES;
				ONLY_ACTIVE_ARCH = YES;
				SDKROOT = iphoneos;
				SWIFT_ACTIVE_COMPILATION_CONDITIONS = DEBUG;
				SWIFT_OPTIMIZATION_LEVEL = "-Onone";
			};
			name = Debug;
		};
		238D4B39299953C3007FF0D7 /* Release */ = {
			isa = XCBuildConfiguration;
			buildSettings = {
				ALWAYS_SEARCH_USER_PATHS = NO;
				CLANG_ANALYZER_NONNULL = YES;
				CLANG_ANALYZER_NUMBER_OBJECT_CONVERSION = YES_AGGRESSIVE;
				CLANG_CXX_LANGUAGE_STANDARD = "gnu++20";
				CLANG_ENABLE_MODULES = YES;
				CLANG_ENABLE_OBJC_ARC = YES;
				CLANG_ENABLE_OBJC_WEAK = YES;
				CLANG_WARN_BLOCK_CAPTURE_AUTORELEASING = YES;
				CLANG_WARN_BOOL_CONVERSION = YES;
				CLANG_WARN_COMMA = YES;
				CLANG_WARN_CONSTANT_CONVERSION = YES;
				CLANG_WARN_DEPRECATED_OBJC_IMPLEMENTATIONS = YES;
				CLANG_WARN_DIRECT_OBJC_ISA_USAGE = YES_ERROR;
				CLANG_WARN_DOCUMENTATION_COMMENTS = YES;
				CLANG_WARN_EMPTY_BODY = YES;
				CLANG_WARN_ENUM_CONVERSION = YES;
				CLANG_WARN_INFINITE_RECURSION = YES;
				CLANG_WARN_INT_CONVERSION = YES;
				CLANG_WARN_NON_LITERAL_NULL_CONVERSION = YES;
				CLANG_WARN_OBJC_IMPLICIT_RETAIN_SELF = YES;
				CLANG_WARN_OBJC_LITERAL_CONVERSION = YES;
				CLANG_WARN_OBJC_ROOT_CLASS = YES_ERROR;
				CLANG_WARN_QUOTED_INCLUDE_IN_FRAMEWORK_HEADER = YES;
				CLANG_WARN_RANGE_LOOP_ANALYSIS = YES;
				CLANG_WARN_STRICT_PROTOTYPES = YES;
				CLANG_WARN_SUSPICIOUS_MOVE = YES;
				CLANG_WARN_UNGUARDED_AVAILABILITY = YES_AGGRESSIVE;
				CLANG_WARN_UNREACHABLE_CODE = YES;
				CLANG_WARN__DUPLICATE_METHOD_MATCH = YES;
				COPY_PHASE_STRIP = NO;
				DEBUG_INFORMATION_FORMAT = "dwarf-with-dsym";
				ENABLE_NS_ASSERTIONS = NO;
				ENABLE_STRICT_OBJC_MSGSEND = YES;
				GCC_C_LANGUAGE_STANDARD = gnu11;
				GCC_NO_COMMON_BLOCKS = YES;
				GCC_WARN_64_TO_32_BIT_CONVERSION = YES;
				GCC_WARN_ABOUT_RETURN_TYPE = YES_ERROR;
				GCC_WARN_UNDECLARED_SELECTOR = YES;
				GCC_WARN_UNINITIALIZED_AUTOS = YES_AGGRESSIVE;
				GCC_WARN_UNUSED_FUNCTION = YES;
				GCC_WARN_UNUSED_VARIABLE = YES;
				IPHONEOS_DEPLOYMENT_TARGET = 16.2;
				MTL_ENABLE_DEBUG_INFO = NO;
				MTL_FAST_MATH = YES;
				SDKROOT = iphoneos;
				SWIFT_COMPILATION_MODE = wholemodule;
				SWIFT_OPTIMIZATION_LEVEL = "-O";
				VALIDATE_PRODUCT = YES;
			};
			name = Release;
		};
		238D4B3B299953C3007FF0D7 /* Debug */ = {
			isa = XCBuildConfiguration;
			buildSettings = {
				ASSETCATALOG_COMPILER_APPICON_NAME = AppIcon;
				ASSETCATALOG_COMPILER_GLOBAL_ACCENT_COLOR_NAME = AccentColor;
				CODE_SIGN_STYLE = Automatic;
				CURRENT_PROJECT_VERSION = 1;
				DEVELOPMENT_ASSET_PATHS = "\"MealsApp/Preview Content\"";
				DEVELOPMENT_TEAM = 2X5PWXY74F;
				ENABLE_PREVIEWS = YES;
				GENERATE_INFOPLIST_FILE = YES;
				INFOPLIST_KEY_UIApplicationSceneManifest_Generation = YES;
				INFOPLIST_KEY_UIApplicationSupportsIndirectInputEvents = YES;
				INFOPLIST_KEY_UILaunchScreen_Generation = YES;
				INFOPLIST_KEY_UISupportedInterfaceOrientations_iPad = "UIInterfaceOrientationPortrait UIInterfaceOrientationPortraitUpsideDown UIInterfaceOrientationLandscapeLeft UIInterfaceOrientationLandscapeRight";
				INFOPLIST_KEY_UISupportedInterfaceOrientations_iPhone = "UIInterfaceOrientationPortrait UIInterfaceOrientationLandscapeLeft UIInterfaceOrientationLandscapeRight";
				LD_RUNPATH_SEARCH_PATHS = (
					"$(inherited)",
					"@executable_path/Frameworks",
				);
				MARKETING_VERSION = 1.0;
				PRODUCT_BUNDLE_IDENTIFIER = com.edyuto.MealsApp;
				PRODUCT_NAME = "$(TARGET_NAME)";
				SWIFT_EMIT_LOC_STRINGS = YES;
				SWIFT_VERSION = 5.0;
				TARGETED_DEVICE_FAMILY = "1,2";
			};
			name = Debug;
		};
		238D4B3C299953C3007FF0D7 /* Release */ = {
			isa = XCBuildConfiguration;
			buildSettings = {
				ASSETCATALOG_COMPILER_APPICON_NAME = AppIcon;
				ASSETCATALOG_COMPILER_GLOBAL_ACCENT_COLOR_NAME = AccentColor;
				CODE_SIGN_STYLE = Automatic;
				CURRENT_PROJECT_VERSION = 1;
				DEVELOPMENT_ASSET_PATHS = "\"MealsApp/Preview Content\"";
				DEVELOPMENT_TEAM = 2X5PWXY74F;
				ENABLE_PREVIEWS = YES;
				GENERATE_INFOPLIST_FILE = YES;
				INFOPLIST_KEY_UIApplicationSceneManifest_Generation = YES;
				INFOPLIST_KEY_UIApplicationSupportsIndirectInputEvents = YES;
				INFOPLIST_KEY_UILaunchScreen_Generation = YES;
				INFOPLIST_KEY_UISupportedInterfaceOrientations_iPad = "UIInterfaceOrientationPortrait UIInterfaceOrientationPortraitUpsideDown UIInterfaceOrientationLandscapeLeft UIInterfaceOrientationLandscapeRight";
				INFOPLIST_KEY_UISupportedInterfaceOrientations_iPhone = "UIInterfaceOrientationPortrait UIInterfaceOrientationLandscapeLeft UIInterfaceOrientationLandscapeRight";
				LD_RUNPATH_SEARCH_PATHS = (
					"$(inherited)",
					"@executable_path/Frameworks",
				);
				MARKETING_VERSION = 1.0;
				PRODUCT_BUNDLE_IDENTIFIER = com.edyuto.MealsApp;
				PRODUCT_NAME = "$(TARGET_NAME)";
				SWIFT_EMIT_LOC_STRINGS = YES;
				SWIFT_VERSION = 5.0;
				TARGETED_DEVICE_FAMILY = "1,2";
			};
			name = Release;
		};
/* End XCBuildConfiguration section */

/* Begin XCConfigurationList section */
		238D4B27299953C2007FF0D7 /* Build configuration list for PBXProject "MealsApp" */ = {
			isa = XCConfigurationList;
			buildConfigurations = (
				238D4B38299953C3007FF0D7 /* Debug */,
				238D4B39299953C3007FF0D7 /* Release */,
			);
			defaultConfigurationIsVisible = 0;
			defaultConfigurationName = Release;
		};
		238D4B3A299953C3007FF0D7 /* Build configuration list for PBXNativeTarget "MealsApp" */ = {
			isa = XCConfigurationList;
			buildConfigurations = (
				238D4B3B299953C3007FF0D7 /* Debug */,
				238D4B3C299953C3007FF0D7 /* Release */,
			);
			defaultConfigurationIsVisible = 0;
			defaultConfigurationName = Release;
		};
/* End XCConfigurationList section */
	};
	rootObject = 238D4B24299953C2007FF0D7 /* Project object */;
}
